
Microsoft Visual Studio Solution File, Format Version 12.00
# Visual Studio 14
VisualStudioVersion = 14.0.25420.1
MinimumVisualStudioVersion = 10.0.40219.1
Project("{FAE04EC0-301F-11D3-BF4B-00C04F79EFBC}") = "youtube_listener", "youtube-listener\youtube_listener\youtube_listener.csproj", "{C1987E11-F142-4A2A-B131-E7F45D49820A}"
EndProject
Project("{FAE04EC0-301F-11D3-BF4B-00C04F79EFBC}") = "youtube_listener.Droid", "youtube-listener\youtube_listener.Droid\youtube_listener.Droid.csproj", "{1A610E14-520D-4DF1-9D70-CB1881159704}"
EndProject
Project("{FAE04EC0-301F-11D3-BF4B-00C04F79EFBC}") = "youtube_listener.iOS", "youtube-listener\youtube_listener.iOS\youtube_listener.iOS.csproj", "{A01E68ED-F339-49AE-B91B-E3B03EF4618C}"
EndProject
Project("{FAE04EC0-301F-11D3-BF4B-00C04F79EFBC}") = "youtube_listener.WinPhone", "youtube-listener\youtube_listener.WinPhone\youtube_listener.WinPhone.csproj", "{CC7A19CD-A895-4213-94FD-C5C7BE0B16C6}"
EndProject
Project("{FAE04EC0-301F-11D3-BF4B-00C04F79EFBC}") = "youtube_listener.UWP", "youtube-listener\youtube_listener.UWP\youtube_listener.UWP.csproj", "{63782695-FF9A-496B-8C6B-1926333CAF20}"
EndProject
Project("{FAE04EC0-301F-11D3-BF4B-00C04F79EFBC}") = "youtube_listener.Windows", "youtube-listener\youtube_listener.Windows\youtube_listener.Windows.csproj", "{44376D23-65F4-4DA6-BA26-32CAF3D3D221}"
EndProject
Global
	GlobalSection(SolutionConfigurationPlatforms) = preSolution
		Ad-Hoc|Any CPU = Ad-Hoc|Any CPU
		Ad-Hoc|ARM = Ad-Hoc|ARM
		Ad-Hoc|iPhone = Ad-Hoc|iPhone
		Ad-Hoc|iPhoneSimulator = Ad-Hoc|iPhoneSimulator
		Ad-Hoc|x64 = Ad-Hoc|x64
		Ad-Hoc|x86 = Ad-Hoc|x86
		AppStore|Any CPU = AppStore|Any CPU
		AppStore|ARM = AppStore|ARM
		AppStore|iPhone = AppStore|iPhone
		AppStore|iPhoneSimulator = AppStore|iPhoneSimulator
		AppStore|x64 = AppStore|x64
		AppStore|x86 = AppStore|x86
		Debug|Any CPU = Debug|Any CPU
		Debug|ARM = Debug|ARM
		Debug|iPhone = Debug|iPhone
		Debug|iPhoneSimulator = Debug|iPhoneSimulator
		Debug|x64 = Debug|x64
		Debug|x86 = Debug|x86
		Release|Any CPU = Release|Any CPU
		Release|ARM = Release|ARM
		Release|iPhone = Release|iPhone
		Release|iPhoneSimulator = Release|iPhoneSimulator
		Release|x64 = Release|x64
		Release|x86 = Release|x86
	EndGlobalSection
	GlobalSection(ProjectConfigurationPlatforms) = postSolution
		{C1987E11-F142-4A2A-B131-E7F45D49820A}.Ad-Hoc|Any CPU.ActiveCfg = Release|Any CPU
		{C1987E11-F142-4A2A-B131-E7F45D49820A}.Ad-Hoc|Any CPU.Build.0 = Release|Any CPU
		{C1987E11-F142-4A2A-B131-E7F45D49820A}.Ad-Hoc|ARM.ActiveCfg = Release|Any CPU
		{C1987E11-F142-4A2A-B131-E7F45D49820A}.Ad-Hoc|ARM.Build.0 = Release|Any CPU
		{C1987E11-F142-4A2A-B131-E7F45D49820A}.Ad-Hoc|iPhone.ActiveCfg = Release|Any CPU
		{C1987E11-F142-4A2A-B131-E7F45D49820A}.Ad-Hoc|iPhone.Build.0 = Release|Any CPU
		{C1987E11-F142-4A2A-B131-E7F45D49820A}.Ad-Hoc|iPhoneSimulator.ActiveCfg = Release|Any CPU
		{C1987E11-F142-4A2A-B131-E7F45D49820A}.Ad-Hoc|iPhoneSimulator.Build.0 = Release|Any CPU
		{C1987E11-F142-4A2A-B131-E7F45D49820A}.Ad-Hoc|x64.ActiveCfg = Release|Any CPU
		{C1987E11-F142-4A2A-B131-E7F45D49820A}.Ad-Hoc|x64.Build.0 = Release|Any CPU
		{C1987E11-F142-4A2A-B131-E7F45D49820A}.Ad-Hoc|x86.ActiveCfg = Release|Any CPU
		{C1987E11-F142-4A2A-B131-E7F45D49820A}.Ad-Hoc|x86.Build.0 = Release|Any CPU
		{C1987E11-F142-4A2A-B131-E7F45D49820A}.AppStore|Any CPU.ActiveCfg = Release|Any CPU
		{C1987E11-F142-4A2A-B131-E7F45D49820A}.AppStore|Any CPU.Build.0 = Release|Any CPU
		{C1987E11-F142-4A2A-B131-E7F45D49820A}.AppStore|ARM.ActiveCfg = Release|Any CPU
		{C1987E11-F142-4A2A-B131-E7F45D49820A}.AppStore|ARM.Build.0 = Release|Any CPU
		{C1987E11-F142-4A2A-B131-E7F45D49820A}.AppStore|iPhone.ActiveCfg = Release|Any CPU
		{C1987E11-F142-4A2A-B131-E7F45D49820A}.AppStore|iPhone.Build.0 = Release|Any CPU
		{C1987E11-F142-4A2A-B131-E7F45D49820A}.AppStore|iPhoneSimulator.ActiveCfg = Release|Any CPU
		{C1987E11-F142-4A2A-B131-E7F45D49820A}.AppStore|iPhoneSimulator.Build.0 = Release|Any CPU
		{C1987E11-F142-4A2A-B131-E7F45D49820A}.AppStore|x64.ActiveCfg = Release|Any CPU
		{C1987E11-F142-4A2A-B131-E7F45D49820A}.AppStore|x64.Build.0 = Release|Any CPU
		{C1987E11-F142-4A2A-B131-E7F45D49820A}.AppStore|x86.ActiveCfg = Release|Any CPU
		{C1987E11-F142-4A2A-B131-E7F45D49820A}.AppStore|x86.Build.0 = Release|Any CPU
		{C1987E11-F142-4A2A-B131-E7F45D49820A}.Debug|Any CPU.ActiveCfg = Debug|Any CPU
		{C1987E11-F142-4A2A-B131-E7F45D49820A}.Debug|Any CPU.Build.0 = Debug|Any CPU
		{C1987E11-F142-4A2A-B131-E7F45D49820A}.Debug|ARM.ActiveCfg = Debug|Any CPU
		{C1987E11-F142-4A2A-B131-E7F45D49820A}.Debug|ARM.Build.0 = Debug|Any CPU
		{C1987E11-F142-4A2A-B131-E7F45D49820A}.Debug|iPhone.ActiveCfg = Debug|Any CPU
		{C1987E11-F142-4A2A-B131-E7F45D49820A}.Debug|iPhone.Build.0 = Debug|Any CPU
		{C1987E11-F142-4A2A-B131-E7F45D49820A}.Debug|iPhoneSimulator.ActiveCfg = Debug|Any CPU
		{C1987E11-F142-4A2A-B131-E7F45D49820A}.Debug|iPhoneSimulator.Build.0 = Debug|Any CPU
		{C1987E11-F142-4A2A-B131-E7F45D49820A}.Debug|x64.ActiveCfg = Debug|Any CPU
		{C1987E11-F142-4A2A-B131-E7F45D49820A}.Debug|x64.Build.0 = Debug|Any CPU
		{C1987E11-F142-4A2A-B131-E7F45D49820A}.Debug|x86.ActiveCfg = Debug|Any CPU
		{C1987E11-F142-4A2A-B131-E7F45D49820A}.Debug|x86.Build.0 = Debug|Any CPU
		{C1987E11-F142-4A2A-B131-E7F45D49820A}.Release|Any CPU.ActiveCfg = Release|Any CPU
		{C1987E11-F142-4A2A-B131-E7F45D49820A}.Release|Any CPU.Build.0 = Release|Any CPU
		{C1987E11-F142-4A2A-B131-E7F45D49820A}.Release|ARM.ActiveCfg = Release|Any CPU
		{C1987E11-F142-4A2A-B131-E7F45D49820A}.Release|ARM.Build.0 = Release|Any CPU
		{C1987E11-F142-4A2A-B131-E7F45D49820A}.Release|iPhone.ActiveCfg = Release|Any CPU
		{C1987E11-F142-4A2A-B131-E7F45D49820A}.Release|iPhone.Build.0 = Release|Any CPU
		{C1987E11-F142-4A2A-B131-E7F45D49820A}.Release|iPhoneSimulator.ActiveCfg = Release|Any CPU
		{C1987E11-F142-4A2A-B131-E7F45D49820A}.Release|iPhoneSimulator.Build.0 = Release|Any CPU
		{C1987E11-F142-4A2A-B131-E7F45D49820A}.Release|x64.ActiveCfg = Release|Any CPU
		{C1987E11-F142-4A2A-B131-E7F45D49820A}.Release|x64.Build.0 = Release|Any CPU
		{C1987E11-F142-4A2A-B131-E7F45D49820A}.Release|x86.ActiveCfg = Release|Any CPU
		{C1987E11-F142-4A2A-B131-E7F45D49820A}.Release|x86.Build.0 = Release|Any CPU
		{1A610E14-520D-4DF1-9D70-CB1881159704}.Ad-Hoc|Any CPU.ActiveCfg = Release|Any CPU
		{1A610E14-520D-4DF1-9D70-CB1881159704}.Ad-Hoc|Any CPU.Build.0 = Release|Any CPU
		{1A610E14-520D-4DF1-9D70-CB1881159704}.Ad-Hoc|Any CPU.Deploy.0 = Release|Any CPU
		{1A610E14-520D-4DF1-9D70-CB1881159704}.Ad-Hoc|ARM.ActiveCfg = Release|Any CPU
		{1A610E14-520D-4DF1-9D70-CB1881159704}.Ad-Hoc|ARM.Build.0 = Release|Any CPU
		{1A610E14-520D-4DF1-9D70-CB1881159704}.Ad-Hoc|ARM.Deploy.0 = Release|Any CPU
		{1A610E14-520D-4DF1-9D70-CB1881159704}.Ad-Hoc|iPhone.ActiveCfg = Release|Any CPU
		{1A610E14-520D-4DF1-9D70-CB1881159704}.Ad-Hoc|iPhone.Build.0 = Release|Any CPU
		{1A610E14-520D-4DF1-9D70-CB1881159704}.Ad-Hoc|iPhone.Deploy.0 = Release|Any CPU
		{1A610E14-520D-4DF1-9D70-CB1881159704}.Ad-Hoc|iPhoneSimulator.ActiveCfg = Release|Any CPU
		{1A610E14-520D-4DF1-9D70-CB1881159704}.Ad-Hoc|iPhoneSimulator.Build.0 = Release|Any CPU
		{1A610E14-520D-4DF1-9D70-CB1881159704}.Ad-Hoc|iPhoneSimulator.Deploy.0 = Release|Any CPU
		{1A610E14-520D-4DF1-9D70-CB1881159704}.Ad-Hoc|x64.ActiveCfg = Release|Any CPU
		{1A610E14-520D-4DF1-9D70-CB1881159704}.Ad-Hoc|x64.Build.0 = Release|Any CPU
		{1A610E14-520D-4DF1-9D70-CB1881159704}.Ad-Hoc|x64.Deploy.0 = Release|Any CPU
		{1A610E14-520D-4DF1-9D70-CB1881159704}.Ad-Hoc|x86.ActiveCfg = Release|Any CPU
		{1A610E14-520D-4DF1-9D70-CB1881159704}.Ad-Hoc|x86.Build.0 = Release|Any CPU
		{1A610E14-520D-4DF1-9D70-CB1881159704}.Ad-Hoc|x86.Deploy.0 = Release|Any CPU
		{1A610E14-520D-4DF1-9D70-CB1881159704}.AppStore|Any CPU.ActiveCfg = Release|Any CPU
		{1A610E14-520D-4DF1-9D70-CB1881159704}.AppStore|Any CPU.Build.0 = Release|Any CPU
		{1A610E14-520D-4DF1-9D70-CB1881159704}.AppStore|Any CPU.Deploy.0 = Release|Any CPU
		{1A610E14-520D-4DF1-9D70-CB1881159704}.AppStore|ARM.ActiveCfg = Release|Any CPU
		{1A610E14-520D-4DF1-9D70-CB1881159704}.AppStore|ARM.Build.0 = Release|Any CPU
		{1A610E14-520D-4DF1-9D70-CB1881159704}.AppStore|ARM.Deploy.0 = Release|Any CPU
		{1A610E14-520D-4DF1-9D70-CB1881159704}.AppStore|iPhone.ActiveCfg = Release|Any CPU
		{1A610E14-520D-4DF1-9D70-CB1881159704}.AppStore|iPhone.Build.0 = Release|Any CPU
		{1A610E14-520D-4DF1-9D70-CB1881159704}.AppStore|iPhone.Deploy.0 = Release|Any CPU
		{1A610E14-520D-4DF1-9D70-CB1881159704}.AppStore|iPhoneSimulator.ActiveCfg = Release|Any CPU
		{1A610E14-520D-4DF1-9D70-CB1881159704}.AppStore|iPhoneSimulator.Build.0 = Release|Any CPU
		{1A610E14-520D-4DF1-9D70-CB1881159704}.AppStore|iPhoneSimulator.Deploy.0 = Release|Any CPU
		{1A610E14-520D-4DF1-9D70-CB1881159704}.AppStore|x64.ActiveCfg = Release|Any CPU
		{1A610E14-520D-4DF1-9D70-CB1881159704}.AppStore|x64.Build.0 = Release|Any CPU
		{1A610E14-520D-4DF1-9D70-CB1881159704}.AppStore|x64.Deploy.0 = Release|Any CPU
		{1A610E14-520D-4DF1-9D70-CB1881159704}.AppStore|x86.ActiveCfg = Release|Any CPU
		{1A610E14-520D-4DF1-9D70-CB1881159704}.AppStore|x86.Build.0 = Release|Any CPU
		{1A610E14-520D-4DF1-9D70-CB1881159704}.AppStore|x86.Deploy.0 = Release|Any CPU
		{1A610E14-520D-4DF1-9D70-CB1881159704}.Debug|Any CPU.ActiveCfg = Debug|Any CPU
		{1A610E14-520D-4DF1-9D70-CB1881159704}.Debug|Any CPU.Build.0 = Debug|Any CPU
		{1A610E14-520D-4DF1-9D70-CB1881159704}.Debug|Any CPU.Deploy.0 = Debug|Any CPU
		{1A610E14-520D-4DF1-9D70-CB1881159704}.Debug|ARM.ActiveCfg = Debug|Any CPU
		{1A610E14-520D-4DF1-9D70-CB1881159704}.Debug|ARM.Build.0 = Debug|Any CPU
		{1A610E14-520D-4DF1-9D70-CB1881159704}.Debug|ARM.Deploy.0 = Debug|Any CPU
		{1A610E14-520D-4DF1-9D70-CB1881159704}.Debug|iPhone.ActiveCfg = Debug|Any CPU
		{1A610E14-520D-4DF1-9D70-CB1881159704}.Debug|iPhone.Build.0 = Debug|Any CPU
		{1A610E14-520D-4DF1-9D70-CB1881159704}.Debug|iPhone.Deploy.0 = Debug|Any CPU
		{1A610E14-520D-4DF1-9D70-CB1881159704}.Debug|iPhoneSimulator.ActiveCfg = Debug|Any CPU
		{1A610E14-520D-4DF1-9D70-CB1881159704}.Debug|iPhoneSimulator.Build.0 = Debug|Any CPU
		{1A610E14-520D-4DF1-9D70-CB1881159704}.Debug|iPhoneSimulator.Deploy.0 = Debug|Any CPU
		{1A610E14-520D-4DF1-9D70-CB1881159704}.Debug|x64.ActiveCfg = Debug|Any CPU
		{1A610E14-520D-4DF1-9D70-CB1881159704}.Debug|x64.Build.0 = Debug|Any CPU
		{1A610E14-520D-4DF1-9D70-CB1881159704}.Debug|x64.Deploy.0 = Debug|Any CPU
		{1A610E14-520D-4DF1-9D70-CB1881159704}.Debug|x86.ActiveCfg = Debug|Any CPU
		{1A610E14-520D-4DF1-9D70-CB1881159704}.Debug|x86.Build.0 = Debug|Any CPU
		{1A610E14-520D-4DF1-9D70-CB1881159704}.Debug|x86.Deploy.0 = Debug|Any CPU
		{1A610E14-520D-4DF1-9D70-CB1881159704}.Release|Any CPU.ActiveCfg = Release|Any CPU
		{1A610E14-520D-4DF1-9D70-CB1881159704}.Release|Any CPU.Build.0 = Release|Any CPU
		{1A610E14-520D-4DF1-9D70-CB1881159704}.Release|Any CPU.Deploy.0 = Release|Any CPU
		{1A610E14-520D-4DF1-9D70-CB1881159704}.Release|ARM.ActiveCfg = Release|Any CPU
		{1A610E14-520D-4DF1-9D70-CB1881159704}.Release|ARM.Build.0 = Release|Any CPU
		{1A610E14-520D-4DF1-9D70-CB1881159704}.Release|ARM.Deploy.0 = Release|Any CPU
		{1A610E14-520D-4DF1-9D70-CB1881159704}.Release|iPhone.ActiveCfg = Release|Any CPU
		{1A610E14-520D-4DF1-9D70-CB1881159704}.Release|iPhone.Build.0 = Release|Any CPU
		{1A610E14-520D-4DF1-9D70-CB1881159704}.Release|iPhone.Deploy.0 = Release|Any CPU
		{1A610E14-520D-4DF1-9D70-CB1881159704}.Release|iPhoneSimulator.ActiveCfg = Release|Any CPU
		{1A610E14-520D-4DF1-9D70-CB1881159704}.Release|iPhoneSimulator.Build.0 = Release|Any CPU
		{1A610E14-520D-4DF1-9D70-CB1881159704}.Release|iPhoneSimulator.Deploy.0 = Release|Any CPU
		{1A610E14-520D-4DF1-9D70-CB1881159704}.Release|x64.ActiveCfg = Release|Any CPU
		{1A610E14-520D-4DF1-9D70-CB1881159704}.Release|x64.Build.0 = Release|Any CPU
		{1A610E14-520D-4DF1-9D70-CB1881159704}.Release|x64.Deploy.0 = Release|Any CPU
		{1A610E14-520D-4DF1-9D70-CB1881159704}.Release|x86.ActiveCfg = Release|Any CPU
		{1A610E14-520D-4DF1-9D70-CB1881159704}.Release|x86.Build.0 = Release|Any CPU
		{1A610E14-520D-4DF1-9D70-CB1881159704}.Release|x86.Deploy.0 = Release|Any CPU
		{A01E68ED-F339-49AE-B91B-E3B03EF4618C}.Ad-Hoc|Any CPU.ActiveCfg = Ad-Hoc|iPhone
		{A01E68ED-F339-49AE-B91B-E3B03EF4618C}.Ad-Hoc|ARM.ActiveCfg = Ad-Hoc|iPhone
		{A01E68ED-F339-49AE-B91B-E3B03EF4618C}.Ad-Hoc|iPhone.ActiveCfg = Ad-Hoc|iPhone
		{A01E68ED-F339-49AE-B91B-E3B03EF4618C}.Ad-Hoc|iPhone.Build.0 = Ad-Hoc|iPhone
		{A01E68ED-F339-49AE-B91B-E3B03EF4618C}.Ad-Hoc|iPhoneSimulator.ActiveCfg = Ad-Hoc|iPhoneSimulator
		{A01E68ED-F339-49AE-B91B-E3B03EF4618C}.Ad-Hoc|iPhoneSimulator.Build.0 = Ad-Hoc|iPhoneSimulator
		{A01E68ED-F339-49AE-B91B-E3B03EF4618C}.Ad-Hoc|x64.ActiveCfg = Ad-Hoc|iPhone
		{A01E68ED-F339-49AE-B91B-E3B03EF4618C}.Ad-Hoc|x86.ActiveCfg = Ad-Hoc|iPhone
		{A01E68ED-F339-49AE-B91B-E3B03EF4618C}.AppStore|Any CPU.ActiveCfg = AppStore|iPhone
		{A01E68ED-F339-49AE-B91B-E3B03EF4618C}.AppStore|ARM.ActiveCfg = AppStore|iPhone
		{A01E68ED-F339-49AE-B91B-E3B03EF4618C}.AppStore|iPhone.ActiveCfg = AppStore|iPhone
		{A01E68ED-F339-49AE-B91B-E3B03EF4618C}.AppStore|iPhone.Build.0 = AppStore|iPhone
		{A01E68ED-F339-49AE-B91B-E3B03EF4618C}.AppStore|iPhoneSimulator.ActiveCfg = AppStore|iPhoneSimulator
		{A01E68ED-F339-49AE-B91B-E3B03EF4618C}.AppStore|iPhoneSimulator.Build.0 = AppStore|iPhoneSimulator
		{A01E68ED-F339-49AE-B91B-E3B03EF4618C}.AppStore|x64.ActiveCfg = AppStore|iPhone
		{A01E68ED-F339-49AE-B91B-E3B03EF4618C}.AppStore|x86.ActiveCfg = AppStore|iPhone
		{A01E68ED-F339-49AE-B91B-E3B03EF4618C}.Debug|Any CPU.ActiveCfg = Debug|iPhone
		{A01E68ED-F339-49AE-B91B-E3B03EF4618C}.Debug|ARM.ActiveCfg = Debug|iPhone
		{A01E68ED-F339-49AE-B91B-E3B03EF4618C}.Debug|iPhone.ActiveCfg = Debug|iPhone
		{A01E68ED-F339-49AE-B91B-E3B03EF4618C}.Debug|iPhone.Build.0 = Debug|iPhone
		{A01E68ED-F339-49AE-B91B-E3B03EF4618C}.Debug|iPhoneSimulator.ActiveCfg = Debug|iPhoneSimulator
		{A01E68ED-F339-49AE-B91B-E3B03EF4618C}.Debug|iPhoneSimulator.Build.0 = Debug|iPhoneSimulator
		{A01E68ED-F339-49AE-B91B-E3B03EF4618C}.Debug|x64.ActiveCfg = Debug|iPhone
		{A01E68ED-F339-49AE-B91B-E3B03EF4618C}.Debug|x86.ActiveCfg = Debug|iPhone
		{A01E68ED-F339-49AE-B91B-E3B03EF4618C}.Release|Any CPU.ActiveCfg = Release|iPhone
		{A01E68ED-F339-49AE-B91B-E3B03EF4618C}.Release|ARM.ActiveCfg = Release|iPhone
		{A01E68ED-F339-49AE-B91B-E3B03EF4618C}.Release|iPhone.ActiveCfg = Release|iPhone
		{A01E68ED-F339-49AE-B91B-E3B03EF4618C}.Release|iPhone.Build.0 = Release|iPhone
		{A01E68ED-F339-49AE-B91B-E3B03EF4618C}.Release|iPhoneSimulator.ActiveCfg = Release|iPhoneSimulator
		{A01E68ED-F339-49AE-B91B-E3B03EF4618C}.Release|iPhoneSimulator.Build.0 = Release|iPhoneSimulator
		{A01E68ED-F339-49AE-B91B-E3B03EF4618C}.Release|x64.ActiveCfg = Release|iPhone
		{A01E68ED-F339-49AE-B91B-E3B03EF4618C}.Release|x86.ActiveCfg = Release|iPhone
		{CC7A19CD-A895-4213-94FD-C5C7BE0B16C6}.Ad-Hoc|Any CPU.ActiveCfg = Release|Any CPU
		{CC7A19CD-A895-4213-94FD-C5C7BE0B16C6}.Ad-Hoc|Any CPU.Build.0 = Release|Any CPU
		{CC7A19CD-A895-4213-94FD-C5C7BE0B16C6}.Ad-Hoc|Any CPU.Deploy.0 = Release|Any CPU
		{CC7A19CD-A895-4213-94FD-C5C7BE0B16C6}.Ad-Hoc|ARM.ActiveCfg = Release|ARM
		{CC7A19CD-A895-4213-94FD-C5C7BE0B16C6}.Ad-Hoc|ARM.Build.0 = Release|ARM
		{CC7A19CD-A895-4213-94FD-C5C7BE0B16C6}.Ad-Hoc|ARM.Deploy.0 = Release|ARM
		{CC7A19CD-A895-4213-94FD-C5C7BE0B16C6}.Ad-Hoc|iPhone.ActiveCfg = Release|Any CPU
		{CC7A19CD-A895-4213-94FD-C5C7BE0B16C6}.Ad-Hoc|iPhone.Build.0 = Release|Any CPU
		{CC7A19CD-A895-4213-94FD-C5C7BE0B16C6}.Ad-Hoc|iPhone.Deploy.0 = Release|Any CPU
		{CC7A19CD-A895-4213-94FD-C5C7BE0B16C6}.Ad-Hoc|iPhoneSimulator.ActiveCfg = Release|Any CPU
		{CC7A19CD-A895-4213-94FD-C5C7BE0B16C6}.Ad-Hoc|iPhoneSimulator.Build.0 = Release|Any CPU
		{CC7A19CD-A895-4213-94FD-C5C7BE0B16C6}.Ad-Hoc|iPhoneSimulator.Deploy.0 = Release|Any CPU
		{CC7A19CD-A895-4213-94FD-C5C7BE0B16C6}.Ad-Hoc|x64.ActiveCfg = Release|Any CPU
		{CC7A19CD-A895-4213-94FD-C5C7BE0B16C6}.Ad-Hoc|x64.Build.0 = Release|Any CPU
		{CC7A19CD-A895-4213-94FD-C5C7BE0B16C6}.Ad-Hoc|x64.Deploy.0 = Release|Any CPU
		{CC7A19CD-A895-4213-94FD-C5C7BE0B16C6}.Ad-Hoc|x86.ActiveCfg = Release|x86
		{CC7A19CD-A895-4213-94FD-C5C7BE0B16C6}.Ad-Hoc|x86.Build.0 = Release|x86
		{CC7A19CD-A895-4213-94FD-C5C7BE0B16C6}.Ad-Hoc|x86.Deploy.0 = Release|x86
		{CC7A19CD-A895-4213-94FD-C5C7BE0B16C6}.AppStore|Any CPU.ActiveCfg = Release|Any CPU
		{CC7A19CD-A895-4213-94FD-C5C7BE0B16C6}.AppStore|Any CPU.Build.0 = Release|Any CPU
		{CC7A19CD-A895-4213-94FD-C5C7BE0B16C6}.AppStore|Any CPU.Deploy.0 = Release|Any CPU
		{CC7A19CD-A895-4213-94FD-C5C7BE0B16C6}.AppStore|ARM.ActiveCfg = Release|ARM
		{CC7A19CD-A895-4213-94FD-C5C7BE0B16C6}.AppStore|ARM.Build.0 = Release|ARM
		{CC7A19CD-A895-4213-94FD-C5C7BE0B16C6}.AppStore|ARM.Deploy.0 = Release|ARM
		{CC7A19CD-A895-4213-94FD-C5C7BE0B16C6}.AppStore|iPhone.ActiveCfg = Release|Any CPU
		{CC7A19CD-A895-4213-94FD-C5C7BE0B16C6}.AppStore|iPhone.Build.0 = Release|Any CPU
		{CC7A19CD-A895-4213-94FD-C5C7BE0B16C6}.AppStore|iPhone.Deploy.0 = Release|Any CPU
		{CC7A19CD-A895-4213-94FD-C5C7BE0B16C6}.AppStore|iPhoneSimulator.ActiveCfg = Release|Any CPU
		{CC7A19CD-A895-4213-94FD-C5C7BE0B16C6}.AppStore|iPhoneSimulator.Build.0 = Release|Any CPU
		{CC7A19CD-A895-4213-94FD-C5C7BE0B16C6}.AppStore|iPhoneSimulator.Deploy.0 = Release|Any CPU
		{CC7A19CD-A895-4213-94FD-C5C7BE0B16C6}.AppStore|x64.ActiveCfg = Release|Any CPU
		{CC7A19CD-A895-4213-94FD-C5C7BE0B16C6}.AppStore|x64.Build.0 = Release|Any CPU
		{CC7A19CD-A895-4213-94FD-C5C7BE0B16C6}.AppStore|x64.Deploy.0 = Release|Any CPU
		{CC7A19CD-A895-4213-94FD-C5C7BE0B16C6}.AppStore|x86.ActiveCfg = Release|x86
		{CC7A19CD-A895-4213-94FD-C5C7BE0B16C6}.AppStore|x86.Build.0 = Release|x86
		{CC7A19CD-A895-4213-94FD-C5C7BE0B16C6}.AppStore|x86.Deploy.0 = Release|x86
		{CC7A19CD-A895-4213-94FD-C5C7BE0B16C6}.Debug|Any CPU.ActiveCfg = Debug|Any CPU
		{CC7A19CD-A895-4213-94FD-C5C7BE0B16C6}.Debug|Any CPU.Build.0 = Debug|Any CPU
		{CC7A19CD-A895-4213-94FD-C5C7BE0B16C6}.Debug|Any CPU.Deploy.0 = Debug|Any CPU
		{CC7A19CD-A895-4213-94FD-C5C7BE0B16C6}.Debug|ARM.ActiveCfg = Debug|ARM
		{CC7A19CD-A895-4213-94FD-C5C7BE0B16C6}.Debug|ARM.Build.0 = Debug|ARM
		{CC7A19CD-A895-4213-94FD-C5C7BE0B16C6}.Debug|ARM.Deploy.0 = Debug|ARM
		{CC7A19CD-A895-4213-94FD-C5C7BE0B16C6}.Debug|iPhone.ActiveCfg = Debug|Any CPU
		{CC7A19CD-A895-4213-94FD-C5C7BE0B16C6}.Debug|iPhone.Build.0 = Debug|Any CPU
		{CC7A19CD-A895-4213-94FD-C5C7BE0B16C6}.Debug|iPhone.Deploy.0 = Debug|Any CPU
		{CC7A19CD-A895-4213-94FD-C5C7BE0B16C6}.Debug|iPhoneSimulator.ActiveCfg = Debug|Any CPU
		{CC7A19CD-A895-4213-94FD-C5C7BE0B16C6}.Debug|iPhoneSimulator.Build.0 = Debug|Any CPU
		{CC7A19CD-A895-4213-94FD-C5C7BE0B16C6}.Debug|iPhoneSimulator.Deploy.0 = Debug|Any CPU
		{CC7A19CD-A895-4213-94FD-C5C7BE0B16C6}.Debug|x64.ActiveCfg = Debug|Any CPU
		{CC7A19CD-A895-4213-94FD-C5C7BE0B16C6}.Debug|x64.Build.0 = Debug|Any CPU
		{CC7A19CD-A895-4213-94FD-C5C7BE0B16C6}.Debug|x64.Deploy.0 = Debug|Any CPU
		{CC7A19CD-A895-4213-94FD-C5C7BE0B16C6}.Debug|x86.ActiveCfg = Debug|x86
		{CC7A19CD-A895-4213-94FD-C5C7BE0B16C6}.Debug|x86.Build.0 = Debug|x86
		{CC7A19CD-A895-4213-94FD-C5C7BE0B16C6}.Debug|x86.Deploy.0 = Debug|x86
		{CC7A19CD-A895-4213-94FD-C5C7BE0B16C6}.Release|Any CPU.ActiveCfg = Release|Any CPU
		{CC7A19CD-A895-4213-94FD-C5C7BE0B16C6}.Release|Any CPU.Build.0 = Release|Any CPU
		{CC7A19CD-A895-4213-94FD-C5C7BE0B16C6}.Release|Any CPU.Deploy.0 = Release|Any CPU
		{CC7A19CD-A895-4213-94FD-C5C7BE0B16C6}.Release|ARM.ActiveCfg = Release|ARM
		{CC7A19CD-A895-4213-94FD-C5C7BE0B16C6}.Release|ARM.Build.0 = Release|ARM
		{CC7A19CD-A895-4213-94FD-C5C7BE0B16C6}.Release|ARM.Deploy.0 = Release|ARM
		{CC7A19CD-A895-4213-94FD-C5C7BE0B16C6}.Release|iPhone.ActiveCfg = Release|Any CPU
		{CC7A19CD-A895-4213-94FD-C5C7BE0B16C6}.Release|iPhone.Build.0 = Release|Any CPU
		{CC7A19CD-A895-4213-94FD-C5C7BE0B16C6}.Release|iPhone.Deploy.0 = Release|Any CPU
		{CC7A19CD-A895-4213-94FD-C5C7BE0B16C6}.Release|iPhoneSimulator.ActiveCfg = Release|Any CPU
		{CC7A19CD-A895-4213-94FD-C5C7BE0B16C6}.Release|iPhoneSimulator.Build.0 = Release|Any CPU
		{CC7A19CD-A895-4213-94FD-C5C7BE0B16C6}.Release|iPhoneSimulator.Deploy.0 = Release|Any CPU
		{CC7A19CD-A895-4213-94FD-C5C7BE0B16C6}.Release|x64.ActiveCfg = Release|Any CPU
		{CC7A19CD-A895-4213-94FD-C5C7BE0B16C6}.Release|x64.Build.0 = Release|Any CPU
		{CC7A19CD-A895-4213-94FD-C5C7BE0B16C6}.Release|x64.Deploy.0 = Release|Any CPU
		{CC7A19CD-A895-4213-94FD-C5C7BE0B16C6}.Release|x86.ActiveCfg = Release|x86
		{CC7A19CD-A895-4213-94FD-C5C7BE0B16C6}.Release|x86.Build.0 = Release|x86
		{CC7A19CD-A895-4213-94FD-C5C7BE0B16C6}.Release|x86.Deploy.0 = Release|x86
		{63782695-FF9A-496B-8C6B-1926333CAF20}.Ad-Hoc|Any CPU.ActiveCfg = Release|x86
		{63782695-FF9A-496B-8C6B-1926333CAF20}.Ad-Hoc|Any CPU.Build.0 = Release|x86
		{63782695-FF9A-496B-8C6B-1926333CAF20}.Ad-Hoc|Any CPU.Deploy.0 = Release|x86
		{63782695-FF9A-496B-8C6B-1926333CAF20}.Ad-Hoc|ARM.ActiveCfg = Release|ARM
		{63782695-FF9A-496B-8C6B-1926333CAF20}.Ad-Hoc|ARM.Build.0 = Release|ARM
		{63782695-FF9A-496B-8C6B-1926333CAF20}.Ad-Hoc|ARM.Deploy.0 = Release|ARM
		{63782695-FF9A-496B-8C6B-1926333CAF20}.Ad-Hoc|iPhone.ActiveCfg = Release|x86
		{63782695-FF9A-496B-8C6B-1926333CAF20}.Ad-Hoc|iPhone.Build.0 = Release|x86
		{63782695-FF9A-496B-8C6B-1926333CAF20}.Ad-Hoc|iPhone.Deploy.0 = Release|x86
		{63782695-FF9A-496B-8C6B-1926333CAF20}.Ad-Hoc|iPhoneSimulator.ActiveCfg = Release|x86
		{63782695-FF9A-496B-8C6B-1926333CAF20}.Ad-Hoc|iPhoneSimulator.Build.0 = Release|x86
		{63782695-FF9A-496B-8C6B-1926333CAF20}.Ad-Hoc|iPhoneSimulator.Deploy.0 = Release|x86
		{63782695-FF9A-496B-8C6B-1926333CAF20}.Ad-Hoc|x64.ActiveCfg = Release|x64
		{63782695-FF9A-496B-8C6B-1926333CAF20}.Ad-Hoc|x64.Build.0 = Release|x64
		{63782695-FF9A-496B-8C6B-1926333CAF20}.Ad-Hoc|x64.Deploy.0 = Release|x64
		{63782695-FF9A-496B-8C6B-1926333CAF20}.Ad-Hoc|x86.ActiveCfg = Release|x86
		{63782695-FF9A-496B-8C6B-1926333CAF20}.Ad-Hoc|x86.Build.0 = Release|x86
		{63782695-FF9A-496B-8C6B-1926333CAF20}.Ad-Hoc|x86.Deploy.0 = Release|x86
		{63782695-FF9A-496B-8C6B-1926333CAF20}.AppStore|Any CPU.ActiveCfg = Release|x86
		{63782695-FF9A-496B-8C6B-1926333CAF20}.AppStore|Any CPU.Build.0 = Release|x86
		{63782695-FF9A-496B-8C6B-1926333CAF20}.AppStore|Any CPU.Deploy.0 = Release|x86
		{63782695-FF9A-496B-8C6B-1926333CAF20}.AppStore|ARM.ActiveCfg = Release|ARM
		{63782695-FF9A-496B-8C6B-1926333CAF20}.AppStore|ARM.Build.0 = Release|ARM
		{63782695-FF9A-496B-8C6B-1926333CAF20}.AppStore|ARM.Deploy.0 = Release|ARM
		{63782695-FF9A-496B-8C6B-1926333CAF20}.AppStore|iPhone.ActiveCfg = Release|x86
		{63782695-FF9A-496B-8C6B-1926333CAF20}.AppStore|iPhone.Build.0 = Release|x86
		{63782695-FF9A-496B-8C6B-1926333CAF20}.AppStore|iPhone.Deploy.0 = Release|x86
		{63782695-FF9A-496B-8C6B-1926333CAF20}.AppStore|iPhoneSimulator.ActiveCfg = Release|x86
		{63782695-FF9A-496B-8C6B-1926333CAF20}.AppStore|iPhoneSimulator.Build.0 = Release|x86
		{63782695-FF9A-496B-8C6B-1926333CAF20}.AppStore|iPhoneSimulator.Deploy.0 = Release|x86
		{63782695-FF9A-496B-8C6B-1926333CAF20}.AppStore|x64.ActiveCfg = Release|x64
		{63782695-FF9A-496B-8C6B-1926333CAF20}.AppStore|x64.Build.0 = Release|x64
		{63782695-FF9A-496B-8C6B-1926333CAF20}.AppStore|x64.Deploy.0 = Release|x64
		{63782695-FF9A-496B-8C6B-1926333CAF20}.AppStore|x86.ActiveCfg = Release|x86
		{63782695-FF9A-496B-8C6B-1926333CAF20}.AppStore|x86.Build.0 = Release|x86
		{63782695-FF9A-496B-8C6B-1926333CAF20}.AppStore|x86.Deploy.0 = Release|x86
		{63782695-FF9A-496B-8C6B-1926333CAF20}.Debug|Any CPU.ActiveCfg = Debug|x86
		{63782695-FF9A-496B-8C6B-1926333CAF20}.Debug|ARM.ActiveCfg = Debug|ARM
		{63782695-FF9A-496B-8C6B-1926333CAF20}.Debug|ARM.Build.0 = Debug|ARM
		{63782695-FF9A-496B-8C6B-1926333CAF20}.Debug|ARM.Deploy.0 = Debug|ARM
		{63782695-FF9A-496B-8C6B-1926333CAF20}.Debug|iPhone.ActiveCfg = Debug|x86
		{63782695-FF9A-496B-8C6B-1926333CAF20}.Debug|iPhoneSimulator.ActiveCfg = Debug|x86
		{63782695-FF9A-496B-8C6B-1926333CAF20}.Debug|x64.ActiveCfg = Debug|x64
		{63782695-FF9A-496B-8C6B-1926333CAF20}.Debug|x64.Build.0 = Debug|x64
		{63782695-FF9A-496B-8C6B-1926333CAF20}.Debug|x64.Deploy.0 = Debug|x64
		{63782695-FF9A-496B-8C6B-1926333CAF20}.Debug|x86.ActiveCfg = Debug|x86
		{63782695-FF9A-496B-8C6B-1926333CAF20}.Debug|x86.Build.0 = Debug|x86
		{63782695-FF9A-496B-8C6B-1926333CAF20}.Debug|x86.Deploy.0 = Debug|x86
		{63782695-FF9A-496B-8C6B-1926333CAF20}.Release|Any CPU.ActiveCfg = Release|x86
		{63782695-FF9A-496B-8C6B-1926333CAF20}.Release|ARM.ActiveCfg = Release|ARM
		{63782695-FF9A-496B-8C6B-1926333CAF20}.Release|ARM.Build.0 = Release|ARM
		{63782695-FF9A-496B-8C6B-1926333CAF20}.Release|ARM.Deploy.0 = Release|ARM
		{63782695-FF9A-496B-8C6B-1926333CAF20}.Release|iPhone.ActiveCfg = Release|x86
		{63782695-FF9A-496B-8C6B-1926333CAF20}.Release|iPhoneSimulator.ActiveCfg = Release|x86
		{63782695-FF9A-496B-8C6B-1926333CAF20}.Release|x64.ActiveCfg = Release|x64
		{63782695-FF9A-496B-8C6B-1926333CAF20}.Release|x64.Build.0 = Release|x64
		{63782695-FF9A-496B-8C6B-1926333CAF20}.Release|x64.Deploy.0 = Release|x64
		{63782695-FF9A-496B-8C6B-1926333CAF20}.Release|x86.ActiveCfg = Release|x86
		{63782695-FF9A-496B-8C6B-1926333CAF20}.Release|x86.Build.0 = Release|x86
		{63782695-FF9A-496B-8C6B-1926333CAF20}.Release|x86.Deploy.0 = Release|x86
		{44376D23-65F4-4DA6-BA26-32CAF3D3D221}.Ad-Hoc|Any CPU.ActiveCfg = Release|Any CPU
		{44376D23-65F4-4DA6-BA26-32CAF3D3D221}.Ad-Hoc|Any CPU.Build.0 = Release|Any CPU
		{44376D23-65F4-4DA6-BA26-32CAF3D3D221}.Ad-Hoc|Any CPU.Deploy.0 = Release|Any CPU
		{44376D23-65F4-4DA6-BA26-32CAF3D3D221}.Ad-Hoc|ARM.ActiveCfg = Release|ARM
		{44376D23-65F4-4DA6-BA26-32CAF3D3D221}.Ad-Hoc|ARM.Build.0 = Release|ARM
		{44376D23-65F4-4DA6-BA26-32CAF3D3D221}.Ad-Hoc|ARM.Deploy.0 = Release|ARM
		{44376D23-65F4-4DA6-BA26-32CAF3D3D221}.Ad-Hoc|iPhone.ActiveCfg = Release|Any CPU
		{44376D23-65F4-4DA6-BA26-32CAF3D3D221}.Ad-Hoc|iPhone.Build.0 = Release|Any CPU
		{44376D23-65F4-4DA6-BA26-32CAF3D3D221}.Ad-Hoc|iPhone.Deploy.0 = Release|Any CPU
		{44376D23-65F4-4DA6-BA26-32CAF3D3D221}.Ad-Hoc|iPhoneSimulator.ActiveCfg = Release|Any CPU
		{44376D23-65F4-4DA6-BA26-32CAF3D3D221}.Ad-Hoc|iPhoneSimulator.Build.0 = Release|Any CPU
		{44376D23-65F4-4DA6-BA26-32CAF3D3D221}.Ad-Hoc|iPhoneSimulator.Deploy.0 = Release|Any CPU
		{44376D23-65F4-4DA6-BA26-32CAF3D3D221}.Ad-Hoc|x64.ActiveCfg = Release|x64
		{44376D23-65F4-4DA6-BA26-32CAF3D3D221}.Ad-Hoc|x64.Build.0 = Release|x64
		{44376D23-65F4-4DA6-BA26-32CAF3D3D221}.Ad-Hoc|x64.Deploy.0 = Release|x64
		{44376D23-65F4-4DA6-BA26-32CAF3D3D221}.Ad-Hoc|x86.ActiveCfg = Release|x86
		{44376D23-65F4-4DA6-BA26-32CAF3D3D221}.Ad-Hoc|x86.Build.0 = Release|x86
		{44376D23-65F4-4DA6-BA26-32CAF3D3D221}.Ad-Hoc|x86.Deploy.0 = Release|x86
		{44376D23-65F4-4DA6-BA26-32CAF3D3D221}.AppStore|Any CPU.ActiveCfg = Release|Any CPU
		{44376D23-65F4-4DA6-BA26-32CAF3D3D221}.AppStore|Any CPU.Build.0 = Release|Any CPU
		{44376D23-65F4-4DA6-BA26-32CAF3D3D221}.AppStore|Any CPU.Deploy.0 = Release|Any CPU
		{44376D23-65F4-4DA6-BA26-32CAF3D3D221}.AppStore|ARM.ActiveCfg = Release|ARM
		{44376D23-65F4-4DA6-BA26-32CAF3D3D221}.AppStore|ARM.Build.0 = Release|ARM
		{44376D23-65F4-4DA6-BA26-32CAF3D3D221}.AppStore|ARM.Deploy.0 = Release|ARM
		{44376D23-65F4-4DA6-BA26-32CAF3D3D221}.AppStore|iPhone.ActiveCfg = Release|Any CPU
		{44376D23-65F4-4DA6-BA26-32CAF3D3D221}.AppStore|iPhone.Build.0 = Release|Any CPU
		{44376D23-65F4-4DA6-BA26-32CAF3D3D221}.AppStore|iPhone.Deploy.0 = Release|Any CPU
		{44376D23-65F4-4DA6-BA26-32CAF3D3D221}.AppStore|iPhoneSimulator.ActiveCfg = Release|Any CPU
		{44376D23-65F4-4DA6-BA26-32CAF3D3D221}.AppStore|iPhoneSimulator.Build.0 = Release|Any CPU
		{44376D23-65F4-4DA6-BA26-32CAF3D3D221}.AppStore|iPhoneSimulator.Deploy.0 = Release|Any CPU
		{44376D23-65F4-4DA6-BA26-32CAF3D3D221}.AppStore|x64.ActiveCfg = Release|x64
		{44376D23-65F4-4DA6-BA26-32CAF3D3D221}.AppStore|x64.Build.0 = Release|x64
		{44376D23-65F4-4DA6-BA26-32CAF3D3D221}.AppStore|x64.Deploy.0 = Release|x64
		{44376D23-65F4-4DA6-BA26-32CAF3D3D221}.AppStore|x86.ActiveCfg = Release|x86
		{44376D23-65F4-4DA6-BA26-32CAF3D3D221}.AppStore|x86.Build.0 = Release|x86
		{44376D23-65F4-4DA6-BA26-32CAF3D3D221}.AppStore|x86.Deploy.0 = Release|x86
		{44376D23-65F4-4DA6-BA26-32CAF3D3D221}.Debug|Any CPU.ActiveCfg = Debug|Any CPU
		{44376D23-65F4-4DA6-BA26-32CAF3D3D221}.Debug|Any CPU.Build.0 = Debug|Any CPU
		{44376D23-65F4-4DA6-BA26-32CAF3D3D221}.Debug|Any CPU.Deploy.0 = Debug|Any CPU
		{44376D23-65F4-4DA6-BA26-32CAF3D3D221}.Debug|ARM.ActiveCfg = Debug|ARM
		{44376D23-65F4-4DA6-BA26-32CAF3D3D221}.Debug|ARM.Build.0 = Debug|ARM
		{44376D23-65F4-4DA6-BA26-32CAF3D3D221}.Debug|ARM.Deploy.0 = Debug|ARM
		{44376D23-65F4-4DA6-BA26-32CAF3D3D221}.Debug|iPhone.ActiveCfg = Debug|Any CPU
		{44376D23-65F4-4DA6-BA26-32CAF3D3D221}.Debug|iPhone.Build.0 = Debug|Any CPU
		{44376D23-65F4-4DA6-BA26-32CAF3D3D221}.Debug|iPhone.Deploy.0 = Debug|Any CPU
		{44376D23-65F4-4DA6-BA26-32CAF3D3D221}.Debug|iPhoneSimulator.ActiveCfg = Debug|Any CPU
		{44376D23-65F4-4DA6-BA26-32CAF3D3D221}.Debug|iPhoneSimulator.Build.0 = Debug|Any CPU
		{44376D23-65F4-4DA6-BA26-32CAF3D3D221}.Debug|iPhoneSimulator.Deploy.0 = Debug|Any CPU
		{44376D23-65F4-4DA6-BA26-32CAF3D3D221}.Debug|x64.ActiveCfg = Debug|x64
		{44376D23-65F4-4DA6-BA26-32CAF3D3D221}.Debug|x64.Build.0 = Debug|x64
		{44376D23-65F4-4DA6-BA26-32CAF3D3D221}.Debug|x64.Deploy.0 = Debug|x64
		{44376D23-65F4-4DA6-BA26-32CAF3D3D221}.Debug|x86.ActiveCfg = Debug|x86
		{44376D23-65F4-4DA6-BA26-32CAF3D3D221}.Debug|x86.Build.0 = Debug|x86
		{44376D23-65F4-4DA6-BA26-32CAF3D3D221}.Debug|x86.Deploy.0 = Debug|x86
		{44376D23-65F4-4DA6-BA26-32CAF3D3D221}.Release|Any CPU.ActiveCfg = Release|Any CPU
		{44376D23-65F4-4DA6-BA26-32CAF3D3D221}.Release|Any CPU.Build.0 = Release|Any CPU
		{44376D23-65F4-4DA6-BA26-32CAF3D3D221}.Release|Any CPU.Deploy.0 = Release|Any CPU
		{44376D23-65F4-4DA6-BA26-32CAF3D3D221}.Release|ARM.ActiveCfg = Release|ARM
		{44376D23-65F4-4DA6-BA26-32CAF3D3D221}.Release|ARM.Build.0 = Release|ARM
		{44376D23-65F4-4DA6-BA26-32CAF3D3D221}.Release|ARM.Deploy.0 = Release|ARM
		{44376D23-65F4-4DA6-BA26-32CAF3D3D221}.Release|iPhone.ActiveCfg = Release|Any CPU
		{44376D23-65F4-4DA6-BA26-32CAF3D3D221}.Release|iPhone.Build.0 = Release|Any CPU
		{44376D23-65F4-4DA6-BA26-32CAF3D3D221}.Release|iPhone.Deploy.0 = Release|Any CPU
		{44376D23-65F4-4DA6-BA26-32CAF3D3D221}.Release|iPhoneSimulator.ActiveCfg = Release|Any CPU
		{44376D23-65F4-4DA6-BA26-32CAF3D3D221}.Release|iPhoneSimulator.Build.0 = Release|Any CPU
		{44376D23-65F4-4DA6-BA26-32CAF3D3D221}.Release|iPhoneSimulator.Deploy.0 = Release|Any CPU
		{44376D23-65F4-4DA6-BA26-32CAF3D3D221}.Release|x64.ActiveCfg = Release|x64
		{44376D23-65F4-4DA6-BA26-32CAF3D3D221}.Release|x64.Build.0 = Release|x64
		{44376D23-65F4-4DA6-BA26-32CAF3D3D221}.Release|x64.Deploy.0 = Release|x64
		{44376D23-65F4-4DA6-BA26-32CAF3D3D221}.Release|x86.ActiveCfg = Release|x86
		{44376D23-65F4-4DA6-BA26-32CAF3D3D221}.Release|x86.Build.0 = Release|x86
		{44376D23-65F4-4DA6-BA26-32CAF3D3D221}.Release|x86.Deploy.0 = Release|x86
	EndGlobalSection
	GlobalSection(SolutionProperties) = preSolution
		HideSolutionNode = FALSE
	EndGlobalSection
EndGlobal
